
Microsoft Visual Studio Solution File, Format Version 10.00
# Visual C++ Express 2008
Project("{8BC9CEB8-8B4A-11D0-8D11-00A0C91BC942}") = "quake2", "quake2.vcproj", "{2EAA88A9-C57F-4870-BD2D-507EBDAE7EA7}"
	ProjectSection(ProjectDependencies) = postProject
		{B09E0700-BDDD-4890-8A7F-6D0108432909} = {B09E0700-BDDD-4890-8A7F-6D0108432909}
		{B44B334D-0658-44EE-BA58-8F516015FE42} = {B44B334D-0658-44EE-BA58-8F516015FE42}
		{46DDF381-836D-41AE-947B-71662351A7E9} = {46DDF381-836D-41AE-947B-71662351A7E9}
		{B8FD8AD0-E2F7-4AC7-BE23-50BB1682C1B6} = {B8FD8AD0-E2F7-4AC7-BE23-50BB1682C1B6}
	EndProjectSection
EndProject
Project("{8BC9CEB8-8B4A-11D0-8D11-00A0C91BC942}") = "ref_soft", "ref_soft\ref_soft.vcproj", "{B8FD8AD0-E2F7-4AC7-BE23-50BB1682C1B6}"
EndProject
Project("{8BC9CEB8-8B4A-11D0-8D11-00A0C91BC942}") = "game", "game\game.vcproj", "{46DDF381-836D-41AE-947B-71662351A7E9}"
EndProject
Project("{8BC9CEB8-8B4A-11D0-8D11-00A0C91BC942}") = "ctf", "ctf\ctf.vcproj", "{B09E0700-BDDD-4890-8A7F-6D0108432909}"
EndProject
Project("{8BC9CEB8-8B4A-11D0-8D11-00A0C91BC942}") = "ref_gl", "ref_gl\ref_gl.vcproj", "{B44B334D-0658-44EE-BA58-8F516015FE42}"
EndProject
Global
	GlobalSection(SolutionConfigurationPlatforms) = preSolution
		Debug (C only)|Win32 = Debug (C only)|Win32
		Debug Alpha|Win32 = Debug Alpha|Win32
		Debug|Win32 = Debug|Win32
		Release (C only)|Win32 = Release (C only)|Win32
		Release Alpha|Win32 = Release Alpha|Win32
		Release|Win32 = Release|Win32
	EndGlobalSection
	GlobalSection(ProjectConfigurationPlatforms) = postSolution
		{2EAA88A9-C57F-4870-BD2D-507EBDAE7EA7}.Debug (C only)|Win32.ActiveCfg = Debug (C only)|Win32
		{2EAA88A9-C57F-4870-BD2D-507EBDAE7EA7}.Debug (C only)|Win32.Build.0 = Debug (C only)|Win32
		{2EAA88A9-C57F-4870-BD2D-507EBDAE7EA7}.Debug Alpha|Win32.ActiveCfg = Debug Alpha|Win32
		{2EAA88A9-C57F-4870-BD2D-507EBDAE7EA7}.Debug Alpha|Win32.Build.0 = Debug Alpha|Win32
		{2EAA88A9-C57F-4870-BD2D-507EBDAE7EA7}.Debug|Win32.ActiveCfg = Debug|Win32
		{2EAA88A9-C57F-4870-BD2D-507EBDAE7EA7}.Debug|Win32.Build.0 = Debug|Win32
		{2EAA88A9-C57F-4870-BD2D-507EBDAE7EA7}.Release (C only)|Win32.ActiveCfg = Release (C only)|Win32
		{2EAA88A9-C57F-4870-BD2D-507EBDAE7EA7}.Release (C only)|Win32.Build.0 = Release (C only)|Win32
		{2EAA88A9-C57F-4870-BD2D-507EBDAE7EA7}.Release Alpha|Win32.ActiveCfg = Release Alpha|Win32
		{2EAA88A9-C57F-4870-BD2D-507EBDAE7EA7}.Release Alpha|Win32.Build.0 = Release Alpha|Win32
		{2EAA88A9-C57F-4870-BD2D-507EBDAE7EA7}.Release|Win32.ActiveCfg = Release|Win32
		{2EAA88A9-C57F-4870-BD2D-507EBDAE7EA7}.Release|Win32.Build.0 = Release|Win32
		{B8FD8AD0-E2F7-4AC7-BE23-50BB1682C1B6}.Debug (C only)|Win32.ActiveCfg = Debug (C only)|Win32
		{B8FD8AD0-E2F7-4AC7-BE23-50BB1682C1B6}.Debug (C only)|Win32.Build.0 = Debug (C only)|Win32
		{B8FD8AD0-E2F7-4AC7-BE23-50BB1682C1B6}.Debug Alpha|Win32.ActiveCfg = Debug Alpha|Win32
		{B8FD8AD0-E2F7-4AC7-BE23-50BB1682C1B6}.Debug Alpha|Win32.Build.0 = Debug Alpha|Win32
		{B8FD8AD0-E2F7-4AC7-BE23-50BB1682C1B6}.Debug|Win32.ActiveCfg = Debug|Win32
		{B8FD8AD0-E2F7-4AC7-BE23-50BB1682C1B6}.Debug|Win32.Build.0 = Debug|Win32
		{B8FD8AD0-E2F7-4AC7-BE23-50BB1682C1B6}.Release (C only)|Win32.ActiveCfg = Release (C only)|Win32
		{B8FD8AD0-E2F7-4AC7-BE23-50BB1682C1B6}.Release (C only)|Win32.Build.0 = Release (C only)|Win32
		{B8FD8AD0-E2F7-4AC7-BE23-50BB1682C1B6}.Release Alpha|Win32.ActiveCfg = Release Alpha|Win32
		{B8FD8AD0-E2F7-4AC7-BE23-50BB1682C1B6}.Release Alpha|Win32.Build.0 = Release Alpha|Win32
		{B8FD8AD0-E2F7-4AC7-BE23-50BB1682C1B6}.Release|Win32.ActiveCfg = Release|Win32
		{B8FD8AD0-E2F7-4AC7-BE23-50BB1682C1B6}.Release|Win32.Build.0 = Release|Win32
		{46DDF381-836D-41AE-947B-71662351A7E9}.Debug (C only)|Win32.ActiveCfg = Debug (C only)|Win32
		{46DDF381-836D-41AE-947B-71662351A7E9}.Debug (C only)|Win32.Build.0 = Debug (C only)|Win32
		{46DDF381-836D-41AE-947B-71662351A7E9}.Debug Alpha|Win32.ActiveCfg = Debug Alpha|Win32
		{46DDF381-836D-41AE-947B-71662351A7E9}.Debug Alpha|Win32.Build.0 = Debug Alpha|Win32
		{46DDF381-836D-41AE-947B-71662351A7E9}.Debug|Win32.ActiveCfg = Debug|Win32
		{46DDF381-836D-41AE-947B-71662351A7E9}.Debug|Win32.Build.0 = Debug|Win32
		{46DDF381-836D-41AE-947B-71662351A7E9}.Release (C only)|Win32.ActiveCfg = Release (C only)|Win32
		{46DDF381-836D-41AE-947B-71662351A7E9}.Release (C only)|Win32.Build.0 = Release (C only)|Win32
		{46DDF381-836D-41AE-947B-71662351A7E9}.Release Alpha|Win32.ActiveCfg = Release Alpha|Win32
		{46DDF381-836D-41AE-947B-71662351A7E9}.Release Alpha|Win32.Build.0 = Release Alpha|Win32
		{46DDF381-836D-41AE-947B-71662351A7E9}.Release|Win32.ActiveCfg = Release|Win32
		{46DDF381-836D-41AE-947B-71662351A7E9}.Release|Win32.Build.0 = Release|Win32
		{B09E0700-BDDD-4890-8A7F-6D0108432909}.Debug (C only)|Win32.ActiveCfg = Debug (C only)|Win32
		{B09E0700-BDDD-4890-8A7F-6D0108432909}.Debug (C only)|Win32.Build.0 = Debug (C only)|Win32
		{B09E0700-BDDD-4890-8A7F-6D0108432909}.Debug Alpha|Win32.ActiveCfg = Debug Alpha|Win32
		{B09E0700-BDDD-4890-8A7F-6D0108432909}.Debug Alpha|Win32.Build.0 = Debug Alpha|Win32
		{B09E0700-BDDD-4890-8A7F-6D0108432909}.Debug|Win32.ActiveCfg = Debug|Win32
		{B09E0700-BDDD-4890-8A7F-6D0108432909}.Debug|Win32.Build.0 = Debug|Win32
		{B09E0700-BDDD-4890-8A7F-6D0108432909}.Release (C only)|Win32.ActiveCfg = Release (C only)|Win32
		{B09E0700-BDDD-4890-8A7F-6D0108432909}.Release (C only)|Win32.Build.0 = Release (C only)|Win32
		{B09E0700-BDDD-4890-8A7F-6D0108432909}.Release Alpha|Win32.ActiveCfg = Release Alpha|Win32
		{B09E0700-BDDD-4890-8A7F-6D0108432909}.Release Alpha|Win32.Build.0 = Release Alpha|Win32
		{B09E0700-BDDD-4890-8A7F-6D0108432909}.Release|Win32.ActiveCfg = Release|Win32
		{B09E0700-BDDD-4890-8A7F-6D0108432909}.Release|Win32.Build.0 = Release|Win32
		{B44B334D-0658-44EE-BA58-8F516015FE42}.Debug (C only)|Win32.ActiveCfg = Debug (C only)|Win32
		{B44B334D-0658-44EE-BA58-8F516015FE42}.Debug (C only)|Win32.Build.0 = Debug (C only)|Win32
		{B44B334D-0658-44EE-BA58-8F516015FE42}.Debug Alpha|Win32.ActiveCfg = Debug Alpha|Win32
		{B44B334D-0658-44EE-BA58-8F516015FE42}.Debug Alpha|Win32.Build.0 = Debug Alpha|Win32
		{B44B334D-0658-44EE-BA58-8F516015FE42}.Debug|Win32.ActiveCfg = Debug|Win32
		{B44B334D-0658-44EE-BA58-8F516015FE42}.Debug|Win32.Build.0 = Debug|Win32
		{B44B334D-0658-44EE-BA58-8F516015FE42}.Release (C only)|Win32.ActiveCfg = Release (C only)|Win32
		{B44B334D-0658-44EE-BA58-8F516015FE42}.Release (C only)|Win32.Build.0 = Release (C only)|Win32
		{B44B334D-0658-44EE-BA58-8F516015FE42}.Release Alpha|Win32.ActiveCfg = Release Alpha|Win32
		{B44B334D-0658-44EE-BA58-8F516015FE42}.Release Alpha|Win32.Build.0 = Release Alpha|Win32
		{B44B334D-0658-44EE-BA58-8F516015FE42}.Release|Win32.ActiveCfg = Release|Win32
		{B44B334D-0658-44EE-BA58-8F516015FE42}.Release|Win32.Build.0 = Release|Win32
	EndGlobalSection
	GlobalSection(SolutionProperties) = preSolution
		HideSolutionNode = FALSE
	EndGlobalSection
EndGlobal
